{
  "requires": true,
  "lockfileVersion": 1,
  "dependencies": {
    "onesignal-cordova-plugin": {
      "version": "2.4.3",
      "resolved": "https://registry.npmjs.org/onesignal-cordova-plugin/-/onesignal-cordova-plugin-2.4.3.tgz",
      "integrity": "sha512-KZ4n2zwXei8gTrOuZ+KCxGziziRZPhhRwgo2WXlfontr5jiakZQov6zXTNonVap7bNAS8AcHEAh2qP3pcDNu7A=="
    }
  }
}
